Microsoft Visual Studio Solution File, Format Version 10.00
# Visual Studio 2008

Project("{1F5C647D-9066-BC9E-350B-70AA2D16AEC4}") = "Victory", "Assembly-UnityScript.unityproj", "{C8791617-58E4-3473-F427-ACB3D052C6E9}"
EndProject
Global
	GlobalSection(SolutionConfigurationPlatforms) = preSolution
		Debug|Any CPU = Debug|Any CPU
		Release|Any CPU = Release|Any CPU
	EndGlobalSection
	GlobalSection(ProjectConfigurationPlatforms) = postSolution
		{C8791617-58E4-3473-F427-ACB3D052C6E9}.Debug|Any CPU.ActiveCfg = Debug|Any CPU
		{C8791617-58E4-3473-F427-ACB3D052C6E9}.Debug|Any CPU.Build.0 = Debug|Any CPU
		{C8791617-58E4-3473-F427-ACB3D052C6E9}.Release|Any CPU.ActiveCfg = Release|Any CPU
		{C8791617-58E4-3473-F427-ACB3D052C6E9}.Release|Any CPU.Build.0 = Release|Any CPU
	EndGlobalSection
	GlobalSection(SolutionProperties) = preSolution
		HideSolutionNode = FALSE
	EndGlobalSection
	
EndGlobal
