Microsoft Visual Studio Solution File, Format Version 10.00
# Visual Studio 2008

Project("{1494C44E-251A-9096-278B-2FB1975E75DD}") = "GT_Arrow", "Assembly-CSharp-firstpass-vs.csproj", "{BE49180C-E39D-6D9A-D8E4-5850C4843490}"
EndProject
Global
	GlobalSection(SolutionConfigurationPlatforms) = preSolution
		Debug|Any CPU = Debug|Any CPU
		Release|Any CPU = Release|Any CPU
	EndGlobalSection
	GlobalSection(ProjectConfigurationPlatforms) = postSolution
		{BE49180C-E39D-6D9A-D8E4-5850C4843490}.Debug|Any CPU.ActiveCfg = Debug|Any CPU
		{BE49180C-E39D-6D9A-D8E4-5850C4843490}.Debug|Any CPU.Build.0 = Debug|Any CPU
		{BE49180C-E39D-6D9A-D8E4-5850C4843490}.Release|Any CPU.ActiveCfg = Release|Any CPU
		{BE49180C-E39D-6D9A-D8E4-5850C4843490}.Release|Any CPU.Build.0 = Release|Any CPU
	EndGlobalSection
	GlobalSection(SolutionProperties) = preSolution
		HideSolutionNode = FALSE
	EndGlobalSection
	
EndGlobal
